
Microsoft Visual Studio Solution File, Format Version 12.00
# Visual Studio Version 16
VisualStudioVersion = 16.0.31025.194
MinimumVisualStudioVersion = 10.0.40219.1
Project("{FAE04EC0-301F-11D3-BF4B-00C04F79EFBC}") = "Fictionary.Android", "Fictionary.Android\Fictionary.Android.csproj", "{F79357B2-6639-41EE-9363-F29EBA21C996}"
EndProject
Project("{FAE04EC0-301F-11D3-BF4B-00C04F79EFBC}") = "Fictionary.iOS", "Fictionary.iOS\Fictionary.iOS.csproj", "{2D4ECBA8-8BF7-4548-A5FF-2575BFCFE94F}"
EndProject
Project("{FAE04EC0-301F-11D3-BF4B-00C04F79EFBC}") = "Fictionary", "Fictionary\Fictionary.csproj", "{066A73EB-A5FF-42DD-BC05-A28630216EC4}"
EndProject
Global
	GlobalSection(SolutionConfigurationPlatforms) = preSolution
		Debug|Any CPU = Debug|Any CPU
		Debug|iPhone = Debug|iPhone
		Debug|iPhoneSimulator = Debug|iPhoneSimulator
		Release|Any CPU = Release|Any CPU
		Release|iPhone = Release|iPhone
		Release|iPhoneSimulator = Release|iPhoneSimulator
	EndGlobalSection
	GlobalSection(ProjectConfigurationPlatforms) = postSolution
		{F79357B2-6639-41EE-9363-F29EBA21C996}.Debug|Any CPU.ActiveCfg = Debug|Any CPU
		{F79357B2-6639-41EE-9363-F29EBA21C996}.Debug|Any CPU.Build.0 = Debug|Any CPU
		{F79357B2-6639-41EE-9363-F29EBA21C996}.Debug|Any CPU.Deploy.0 = Debug|Any CPU
		{F79357B2-6639-41EE-9363-F29EBA21C996}.Debug|iPhone.ActiveCfg = Debug|Any CPU
		{F79357B2-6639-41EE-9363-F29EBA21C996}.Debug|iPhone.Build.0 = Debug|Any CPU
		{F79357B2-6639-41EE-9363-F29EBA21C996}.Debug|iPhone.Deploy.0 = Debug|Any CPU
		{F79357B2-6639-41EE-9363-F29EBA21C996}.Debug|iPhoneSimulator.ActiveCfg = Debug|Any CPU
		{F79357B2-6639-41EE-9363-F29EBA21C996}.Debug|iPhoneSimulator.Build.0 = Debug|Any CPU
		{F79357B2-6639-41EE-9363-F29EBA21C996}.Debug|iPhoneSimulator.Deploy.0 = Debug|Any CPU
		{F79357B2-6639-41EE-9363-F29EBA21C996}.Release|Any CPU.ActiveCfg = Release|Any CPU
		{F79357B2-6639-41EE-9363-F29EBA21C996}.Release|Any CPU.Build.0 = Release|Any CPU
		{F79357B2-6639-41EE-9363-F29EBA21C996}.Release|Any CPU.Deploy.0 = Release|Any CPU
		{F79357B2-6639-41EE-9363-F29EBA21C996}.Release|iPhone.ActiveCfg = Release|Any CPU
		{F79357B2-6639-41EE-9363-F29EBA21C996}.Release|iPhone.Build.0 = Release|Any CPU
		{F79357B2-6639-41EE-9363-F29EBA21C996}.Release|iPhone.Deploy.0 = Release|Any CPU
		{F79357B2-6639-41EE-9363-F29EBA21C996}.Release|iPhoneSimulator.ActiveCfg = Release|Any CPU
		{F79357B2-6639-41EE-9363-F29EBA21C996}.Release|iPhoneSimulator.Build.0 = Release|Any CPU
		{F79357B2-6639-41EE-9363-F29EBA21C996}.Release|iPhoneSimulator.Deploy.0 = Release|Any CPU
		{2D4ECBA8-8BF7-4548-A5FF-2575BFCFE94F}.Debug|Any CPU.ActiveCfg = Debug|iPhone
		{2D4ECBA8-8BF7-4548-A5FF-2575BFCFE94F}.Debug|Any CPU.Build.0 = Debug|iPhone
		{2D4ECBA8-8BF7-4548-A5FF-2575BFCFE94F}.Debug|Any CPU.Deploy.0 = Debug|iPhone
		{2D4ECBA8-8BF7-4548-A5FF-2575BFCFE94F}.Debug|iPhone.ActiveCfg = Debug|iPhone
		{2D4ECBA8-8BF7-4548-A5FF-2575BFCFE94F}.Debug|iPhone.Build.0 = Debug|iPhone
		{2D4ECBA8-8BF7-4548-A5FF-2575BFCFE94F}.Debug|iPhone.Deploy.0 = Debug|iPhone
		{2D4ECBA8-8BF7-4548-A5FF-2575BFCFE94F}.Debug|iPhoneSimulator.ActiveCfg = Debug|iPhoneSimulator
		{2D4ECBA8-8BF7-4548-A5FF-2575BFCFE94F}.Debug|iPhoneSimulator.Build.0 = Debug|iPhoneSimulator
		{2D4ECBA8-8BF7-4548-A5FF-2575BFCFE94F}.Debug|iPhoneSimulator.Deploy.0 = Debug|iPhoneSimulator
		{2D4ECBA8-8BF7-4548-A5FF-2575BFCFE94F}.Release|Any CPU.ActiveCfg = Release|iPhoneSimulator
		{2D4ECBA8-8BF7-4548-A5FF-2575BFCFE94F}.Release|Any CPU.Build.0 = Release|iPhoneSimulator
		{2D4ECBA8-8BF7-4548-A5FF-2575BFCFE94F}.Release|Any CPU.Deploy.0 = Release|iPhoneSimulator
		{2D4ECBA8-8BF7-4548-A5FF-2575BFCFE94F}.Release|iPhone.ActiveCfg = Release|iPhone
		{2D4ECBA8-8BF7-4548-A5FF-2575BFCFE94F}.Release|iPhone.Build.0 = Release|iPhone
		{2D4ECBA8-8BF7-4548-A5FF-2575BFCFE94F}.Release|iPhone.Deploy.0 = Release|iPhone
		{2D4ECBA8-8BF7-4548-A5FF-2575BFCFE94F}.Release|iPhoneSimulator.ActiveCfg = Release|iPhoneSimulator
		{2D4ECBA8-8BF7-4548-A5FF-2575BFCFE94F}.Release|iPhoneSimulator.Build.0 = Release|iPhoneSimulator
		{2D4ECBA8-8BF7-4548-A5FF-2575BFCFE94F}.Release|iPhoneSimulator.Deploy.0 = Release|iPhoneSimulator
		{066A73EB-A5FF-42DD-BC05-A28630216EC4}.Debug|Any CPU.ActiveCfg = Debug|Any CPU
		{066A73EB-A5FF-42DD-BC05-A28630216EC4}.Debug|Any CPU.Build.0 = Debug|Any CPU
		{066A73EB-A5FF-42DD-BC05-A28630216EC4}.Debug|Any CPU.Deploy.0 = Debug|Any CPU
		{066A73EB-A5FF-42DD-BC05-A28630216EC4}.Debug|iPhone.ActiveCfg = Debug|Any CPU
		{066A73EB-A5FF-42DD-BC05-A28630216EC4}.Debug|iPhone.Build.0 = Debug|Any CPU
		{066A73EB-A5FF-42DD-BC05-A28630216EC4}.Debug|iPhone.Deploy.0 = Debug|Any CPU
		{066A73EB-A5FF-42DD-BC05-A28630216EC4}.Debug|iPhoneSimulator.ActiveCfg = Debug|Any CPU
		{066A73EB-A5FF-42DD-BC05-A28630216EC4}.Debug|iPhoneSimulator.Build.0 = Debug|Any CPU
		{066A73EB-A5FF-42DD-BC05-A28630216EC4}.Debug|iPhoneSimulator.Deploy.0 = Debug|Any CPU
		{066A73EB-A5FF-42DD-BC05-A28630216EC4}.Release|Any CPU.ActiveCfg = Release|Any CPU
		{066A73EB-A5FF-42DD-BC05-A28630216EC4}.Release|Any CPU.Build.0 = Release|Any CPU
		{066A73EB-A5FF-42DD-BC05-A28630216EC4}.Release|Any CPU.Deploy.0 = Release|Any CPU
		{066A73EB-A5FF-42DD-BC05-A28630216EC4}.Release|iPhone.ActiveCfg = Release|Any CPU
		{066A73EB-A5FF-42DD-BC05-A28630216EC4}.Release|iPhone.Build.0 = Release|Any CPU
		{066A73EB-A5FF-42DD-BC05-A28630216EC4}.Release|iPhone.Deploy.0 = Release|Any CPU
		{066A73EB-A5FF-42DD-BC05-A28630216EC4}.Release|iPhoneSimulator.ActiveCfg = Release|Any CPU
		{066A73EB-A5FF-42DD-BC05-A28630216EC4}.Release|iPhoneSimulator.Build.0 = Release|Any CPU
		{066A73EB-A5FF-42DD-BC05-A28630216EC4}.Release|iPhoneSimulator.Deploy.0 = Release|Any CPU
	EndGlobalSection
	GlobalSection(SolutionProperties) = preSolution
		HideSolutionNode = FALSE
	EndGlobalSection
	GlobalSection(ExtensibilityGlobals) = postSolution
		SolutionGuid = {75EE1909-BF9C-4377-951C-4D9D6E15FBCA}
	EndGlobalSection
EndGlobal
